
Microsoft Visual Studio Solution File, Format Version 12.00
# Visual Studio Version 17
VisualStudioVersion = 17.0.31903.59
MinimumVisualStudioVersion = 10.0.40219.1
Project("{FAE04EC0-301F-11D3-BF4B-00C04F79EFBC}") = "QuadraticEquationSolver", "QuadraticEquationSolver\QuadraticEquationSolver.csproj", "{FDC5584F-91A4-417E-941C-159BBEC5D574}"
EndProject
Project("{FAE04EC0-301F-11D3-BF4B-00C04F79EFBC}") = "QuadraticEquationSolver.Tests", "QuadraticEquationSolver.Tests\QuadraticEquationSolver.Tests.csproj", "{AB0570BF-0ED0-4D89-BAFB-F2D559904796}"
EndProject
Global
	GlobalSection(SolutionConfigurationPlatforms) = preSolution
		Debug|Any CPU = Debug|Any CPU
		Release|Any CPU = Release|Any CPU
	EndGlobalSection
	GlobalSection(SolutionProperties) = preSolution
		HideSolutionNode = FALSE
	EndGlobalSection
	GlobalSection(ProjectConfigurationPlatforms) = postSolution
		{FDC5584F-91A4-417E-941C-159BBEC5D574}.Debug|Any CPU.ActiveCfg = Debug|Any CPU
		{FDC5584F-91A4-417E-941C-159BBEC5D574}.Debug|Any CPU.Build.0 = Debug|Any CPU
		{FDC5584F-91A4-417E-941C-159BBEC5D574}.Release|Any CPU.ActiveCfg = Release|Any CPU
		{FDC5584F-91A4-417E-941C-159BBEC5D574}.Release|Any CPU.Build.0 = Release|Any CPU
		{AB0570BF-0ED0-4D89-BAFB-F2D559904796}.Debug|Any CPU.ActiveCfg = Debug|Any CPU
		{AB0570BF-0ED0-4D89-BAFB-F2D559904796}.Debug|Any CPU.Build.0 = Debug|Any CPU
		{AB0570BF-0ED0-4D89-BAFB-F2D559904796}.Release|Any CPU.ActiveCfg = Release|Any CPU
		{AB0570BF-0ED0-4D89-BAFB-F2D559904796}.Release|Any CPU.Build.0 = Release|Any CPU
	EndGlobalSection
EndGlobal
